
Microsoft Visual Studio Solution File, Format Version 12.00
# Visual Studio Version 17
VisualStudioVersion = 17.0.31903.59
MinimumVisualStudioVersion = 10.0.40219.1
Project("{2150E333-8FDC-42A3-9474-1A3956D46DE8}") = "References", "References", "{6F541E33-C800-E7AC-2B01-E8B2D19F86AA}"
EndProject
Project("{2150E333-8FDC-42A3-9474-1A3956D46DE8}") = "Applications", "Applications", "{A10A91C2-6485-6656-963B-F6FCBC812542}"
EndProject
Project("{FAE04EC0-301F-11D3-BF4B-00C04F79EFBC}") = "Framework", "..\components\Framework\Framework.csproj", "{7550E796-295D-455E-A946-427443E658E7}"
EndProject
Project("{FAE04EC0-301F-11D3-BF4B-00C04F79EFBC}") = "Tenant", "Tenant\Tenant.csproj", "{914EA8E0-E56D-46AC-BBA9-4349BB75D3D8}"
EndProject
Global
	GlobalSection(SolutionConfigurationPlatforms) = preSolution
		Debug|Any CPU = Debug|Any CPU
		Release|Any CPU = Release|Any CPU
	EndGlobalSection
	GlobalSection(SolutionProperties) = preSolution
		HideSolutionNode = FALSE
	EndGlobalSection
	GlobalSection(ProjectConfigurationPlatforms) = postSolution
		{7550E796-295D-455E-A946-427443E658E7}.Debug|Any CPU.ActiveCfg = Debug|Any CPU
		{7550E796-295D-455E-A946-427443E658E7}.Debug|Any CPU.Build.0 = Debug|Any CPU
		{7550E796-295D-455E-A946-427443E658E7}.Release|Any CPU.ActiveCfg = Release|Any CPU
		{7550E796-295D-455E-A946-427443E658E7}.Release|Any CPU.Build.0 = Release|Any CPU
		{914EA8E0-E56D-46AC-BBA9-4349BB75D3D8}.Debug|Any CPU.ActiveCfg = Debug|Any CPU
		{914EA8E0-E56D-46AC-BBA9-4349BB75D3D8}.Debug|Any CPU.Build.0 = Debug|Any CPU
		{914EA8E0-E56D-46AC-BBA9-4349BB75D3D8}.Release|Any CPU.ActiveCfg = Release|Any CPU
		{914EA8E0-E56D-46AC-BBA9-4349BB75D3D8}.Release|Any CPU.Build.0 = Release|Any CPU
	EndGlobalSection
	GlobalSection(NestedProjects) = preSolution
		{7550E796-295D-455E-A946-427443E658E7} = {6F541E33-C800-E7AC-2B01-E8B2D19F86AA}
		{914EA8E0-E56D-46AC-BBA9-4349BB75D3D8} = {A10A91C2-6485-6656-963B-F6FCBC812542}
	EndGlobalSection
EndGlobal
